
Microsoft Visual Studio Solution File, Format Version 12.00
# Visual Studio 2013
VisualStudioVersion = 12.0.21005.1
MinimumVisualStudioVersion = 10.0.40219.1
Project("{FAE04EC0-301F-11D3-BF4B-00C04F79EFBC}") = "LeetCode_CSharp", "LeetCode_CSharp\LeetCode_CSharp.csproj", "{A79419B4-4F53-4C20-A726-2D72E725A575}"
EndProject
Global
	GlobalSection(SolutionConfigurationPlatforms) = preSolution
		Debug|Any CPU = Debug|Any CPU
		Release|Any CPU = Release|Any CPU
	EndGlobalSection
	GlobalSection(ProjectConfigurationPlatforms) = postSolution
		{A79419B4-4F53-4C20-A726-2D72E725A575}.Debug|Any CPU.ActiveCfg = Debug|Any CPU
		{A79419B4-4F53-4C20-A726-2D72E725A575}.Debug|Any CPU.Build.0 = Debug|Any CPU
		{A79419B4-4F53-4C20-A726-2D72E725A575}.Release|Any CPU.ActiveCfg = Release|Any CPU
		{A79419B4-4F53-4C20-A726-2D72E725A575}.Release|Any CPU.Build.0 = Release|Any CPU
	EndGlobalSection
	GlobalSection(SolutionProperties) = preSolution
		HideSolutionNode = FALSE
	EndGlobalSection
EndGlobal
